
Microsoft Visual Studio Solution File, Format Version 12.00
# Visual Studio Version 16
VisualStudioVersion = 16.0.31515.178
MinimumVisualStudioVersion = 10.0.40219.1
Project("{FAE04EC0-301F-11D3-BF4B-00C04F79EFBC}") = "Hosts", "Hosts\Hosts.csproj", "{8A7A8E18-7031-4681-9D0A-DF81AF91CADA}"
EndProject
Global
	GlobalSection(SolutionConfigurationPlatforms) = preSolution
		Debug|Any CPU = Debug|Any CPU
		Release|Any CPU = Release|Any CPU
	EndGlobalSection
	GlobalSection(ProjectConfigurationPlatforms) = postSolution
		{8A7A8E18-7031-4681-9D0A-DF81AF91CADA}.Debug|Any CPU.ActiveCfg = Debug|Any CPU
		{8A7A8E18-7031-4681-9D0A-DF81AF91CADA}.Debug|Any CPU.Build.0 = Debug|Any CPU
		{8A7A8E18-7031-4681-9D0A-DF81AF91CADA}.Release|Any CPU.ActiveCfg = Release|Any CPU
		{8A7A8E18-7031-4681-9D0A-DF81AF91CADA}.Release|Any CPU.Build.0 = Release|Any CPU
	EndGlobalSection
	GlobalSection(SolutionProperties) = preSolution
		HideSolutionNode = FALSE
	EndGlobalSection
	GlobalSection(ExtensibilityGlobals) = postSolution
		SolutionGuid = {8D665CA8-4FBD-42AB-97CC-D792E20956C0}
	EndGlobalSection
EndGlobal
